{
    "_readme": [
        "This file locks the dependencies of your project to a known state",
        "Read more about it at https://getcomposer.org/doc/01-basic-usage.md#installing-dependencies",
        "This file is @generated automatically"
    ],
    "content-hash": "d32397d809d63064ce2b1688a5b6bc1d",
    "packages": [
        {
            "name": "craftcms/url-validator",
            "version": "1.1.0",
            "source": {
                "type": "git",
                "url": "https://github.com/craftcms/url-validator.git",
                "reference": "3918c21317a856d6313b3fbf40d70ce013cdd715"
            },
            "dist": {
                "type": "zip",
                "url": "https://api.github.com/repos/craftcms/url-validator/zipball/3918c21317a856d6313b3fbf40d70ce013cdd715",
                "reference": "3918c21317a856d6313b3fbf40d70ce013cdd715",
                "shasum": ""
            },
            "require": {
                "ext-filter": "*",
                "php": "^8.0.2"
            },
            "require-dev": {
                "laravel/pint": "^1.29",
                "nunomaduro/collision": "^8.1",
                "pestphp/pest": "^3.0",
                "phpstan/phpstan": "^2.0"
            },
            "type": "library",
            "autoload": {
                "psr-4": {
                    "CraftCms\\UrlValidator\\": "src/"
                }
            },
            "notification-url": "https://packagist.org/downloads/",
            "license": [
                "MIT"
            ],
            "authors": [
                {
                    "name": "Pixel & Tonic",
                    "homepage": "https://pixelandtonic.com/"
                }
            ],
            "description": "Validate URLs and IP addresses against SSRF, DNS rebinding, and cloud-metadata attacks.",
            "homepage": "https://github.com/craftcms/url-validator",
            "keywords": [
                "IP",
                "craftcms",
                "security",
                "ssrf",
                "url",
                "validation"
            ],
            "support": {
                "issues": "https://github.com/craftcms/url-validator/issues",
                "source": "https://github.com/craftcms/url-validator/tree/1.1.0"
            },
            "time": "2026-07-06T20:35:29+00:00"
        }
    ],
    "packages-dev": [],
    "aliases": [],
    "minimum-stability": "stable",
    "stability-flags": [],
    "prefer-stable": false,
    "prefer-lowest": false,
    "platform": [],
    "platform-dev": [],
    "plugin-api-version": "2.6.0"
}
